<?xml version="1.0" encoding="utf-8"?>
<Project ToolsVersion="4.0" xmlns="http://schemas.microsoft.com/developer/msbuild/2003">
  <ItemGroup>
    <Filter Include="Source Files">
      <UniqueIdentifier>{4FC737F1-C7A5-4376-A066-2A32D752A2FF}</UniqueIdentifier>
      <Extensions>cpp;c;cc;cxx;def;odl;idl;hpj;bat;asm;asmx</Extensions>
    </Filter>
    <Filter Include="Header Files">
      <UniqueIdentifier>{93995380-89BD-4b04-88EB-625FBE52EBFB}</UniqueIdentifier>
      <Extensions>h;hh;hpp;hxx;hm;inl;inc;ipp;xsd</Extensions>
    </Filter>
    <Filter Include="Resource Files">
      <UniqueIdentifier>{67DA6AB6-F800-4c08-8B7A-83BB121AAD01}</UniqueIdentifier>
      <Extensions>rc;ico;cur;bmp;dlg;rc2;rct;bin;rgs;gif;jpg;jpeg;jpe;resx;tiff;tif;png;wav;mfcribbon-ms</Extensions>
    </Filter>
    <Filter Include="Source Files\auth">
      <UniqueIdentifier>{fb2375b7-61a6-4a03-971a-b6c2ab5f2ede}</UniqueIdentifier>
    </Filter>
    <Filter Include="Source Files\buckets">
      <UniqueIdentifier>{8026ecb0-f5da-489d-856e-f61f2d55fb07}</UniqueIdentifier>
    </Filter>
    <Filter Include="Source Files\build">
      <UniqueIdentifier>{3111156d-e80c-4214-a130-bdf6963a1b78}</UniqueIdentifier>
    </Filter>
  </ItemGroup>
  <ItemGroup>
    <ClCompile Include="..\..\auth\auth.c">
      <Filter>Source Files\auth</Filter>
    </ClCompile>
    <ClCompile Include="..\..\auth\auth_basic.c">
      <Filter>Source Files\auth</Filter>
    </ClCompile>
    <ClCompile Include="..\..\auth\auth_digest.c">
      <Filter>Source Files\auth</Filter>
    </ClCompile>
    <ClCompile Include="..\..\auth\auth_spnego.c">
      <Filter>Source Files\auth</Filter>
    </ClCompile>
    <ClCompile Include="..\..\auth\auth_spnego_sspi.c">
      <Filter>Source Files\auth</Filter>
    </ClCompile>
    <ClCompile Include="..\..\buckets\aggregate_buckets.c">
      <Filter>Source Files\buckets</Filter>
    </ClCompile>
    <ClCompile Include="..\..\buckets\allocator.c">
      <Filter>Source Files\buckets</Filter>
    </ClCompile>
    <ClCompile Include="..\..\buckets\barrier_buckets.c">
      <Filter>Source Files\buckets</Filter>
    </ClCompile>
    <ClCompile Include="..\..\buckets\buckets.c">
      <Filter>Source Files\buckets</Filter>
    </ClCompile>
    <ClCompile Include="..\..\buckets\bwtp_buckets.c">
      <Filter>Source Files\buckets</Filter>
    </ClCompile>
    <ClCompile Include="..\..\buckets\chunk_buckets.c">
      <Filter>Source Files\buckets</Filter>
    </ClCompile>
    <ClCompile Include="..\..\buckets\dechunk_buckets.c">
      <Filter>Source Files\buckets</Filter>
    </ClCompile>
    <ClCompile Include="..\..\buckets\deflate_buckets.c">
      <Filter>Source Files\buckets</Filter>
    </ClCompile>
    <ClCompile Include="..\..\buckets\file_buckets.c">
      <Filter>Source Files\buckets</Filter>
    </ClCompile>
    <ClCompile Include="..\..\buckets\headers_buckets.c">
      <Filter>Source Files\buckets</Filter>
    </ClCompile>
    <ClCompile Include="..\..\buckets\iovec_buckets.c">
      <Filter>Source Files\buckets</Filter>
    </ClCompile>
    <ClCompile Include="..\..\buckets\limit_buckets.c">
      <Filter>Source Files\buckets</Filter>
    </ClCompile>
    <ClCompile Include="..\..\buckets\mmap_buckets.c">
      <Filter>Source Files\buckets</Filter>
    </ClCompile>
    <ClCompile Include="..\..\buckets\request_buckets.c">
      <Filter>Source Files\buckets</Filter>
    </ClCompile>
    <ClCompile Include="..\..\buckets\response_body_buckets.c">
      <Filter>Source Files\buckets</Filter>
    </ClCompile>
    <ClCompile Include="..\..\buckets\response_buckets.c">
      <Filter>Source Files\buckets</Filter>
    </ClCompile>
    <ClCompile Include="..\..\buckets\simple_buckets.c">
      <Filter>Source Files\buckets</Filter>
    </ClCompile>
    <ClCompile Include="..\..\buckets\socket_buckets.c">
      <Filter>Source Files\buckets</Filter>
    </ClCompile>
    <ClCompile Include="..\..\buckets\ssl_buckets.c">
      <Filter>Source Files\buckets</Filter>
    </ClCompile>
    <ClCompile Include="..\..\context.c">
      <Filter>Source Files</Filter>
    </ClCompile>
    <ClCompile Include="..\..\incoming.c">
      <Filter>Source Files</Filter>
    </ClCompile>
    <ClCompile Include="..\..\outgoing.c">
      <Filter>Source Files</Filter>
    </ClCompile>
    <ClCompile Include="..\..\ssltunnel.c">
      <Filter>Source Files</Filter>
    </ClCompile>
  </ItemGroup>
  <ItemGroup>
    <ResourceCompile Include="..\..\libserf.rc">
      <Filter>Resource Files</Filter>
    </ResourceCompile>
  </ItemGroup>
  <ItemGroup>
    <None Include="..\..\build\serf.def">
      <Filter>Source Files\build</Filter>
    </None>
  </ItemGroup>
</Project>